{
    "_meta": {
        "hash": {
            "sha256": "ef1afbd7fadad89e4349080afa0760542f68db2b23d518a2eb024950ab047b66"
        },
        "pipfile-spec": 6,
        "requires": {
            "python_version": "3.13"
        },
        "sources": [
            {
                "name": "pypi",
                "url": "https://pypi.org/simple",
                "verify_ssl": true
            }
        ]
    },
    "default": {
        "asttokens": {
            "hashes": [
                "sha256:0dcd8baa8d62b0c1d118b399b2ddba3c4aff271d0d7a9e0d4c1681c79035bbc7",
                "sha256:e3078351a059199dd5138cb1c706e6430c05eff2ff136af5eb4790f9d28932e2"
            ],
            "markers": "python_version >= '3.8'",
            "version": "==3.0.0"
        },
        "colorama": {
            "hashes": [
                "sha256:08695f5cb7ed6e0531a20572697297273c47b8cae5a63ffc6d6ed5c201be6e44",
                "sha256:4f1d9991f5acc0ca119f9d443620b77f9d6b33703e51011c16baf57afb285fc6"
            ],
            "markers": "python_version >= '2.7' and python_version not in '3.0, 3.1, 3.2, 3.3, 3.4, 3.5, 3.6'",
            "version": "==0.4.6"
        },
        "comm": {
            "hashes": [
                "sha256:2dc8048c10962d55d7ad693be1e7045d891b7ce8d999c97963a5e3e99c055971",
                "sha256:c615d91d75f7f04f095b30d1c1711babd43bdc6419c1be9886a85f2f4e489417"
            ],
            "markers": "python_version >= '3.8'",
            "version": "==0.2.3"
        },
        "debugpy": {
            "hashes": [
                "sha256:135ccd2b1161bade72a7a099c9208811c137a150839e970aeaf121c2467debe8",
                "sha256:19c9521962475b87da6f673514f7fd610328757ec993bf7ec0d8c96f9a325f9e",
                "sha256:211238306331a9089e253fd997213bc4a4c65f949271057d6695953254095376",
                "sha256:2801329c38f77c47976d341d18040a9ac09d0c71bf2c8b484ad27c74f83dc36f",
                "sha256:2a3958fb9c2f40ed8ea48a0d34895b461de57a1f9862e7478716c35d76f56c65",
                "sha256:31e69a1feb1cf6b51efbed3f6c9b0ef03bc46ff050679c4be7ea6d2e23540870",
                "sha256:64473c4a306ba11a99fe0bb14622ba4fbd943eb004847d9b69b107bde45aa9ea",
                "sha256:67371b28b79a6a12bcc027d94a06158f2fde223e35b5c4e0783b6f9d3b39274a",
                "sha256:687c7ab47948697c03b8f81424aa6dc3f923e6ebab1294732df1ca9773cc67bc",
                "sha256:70f5fcd6d4d0c150a878d2aa37391c52de788c3dc680b97bdb5e529cb80df87a",
                "sha256:75f204684581e9ef3dc2f67687c3c8c183fde2d6675ab131d94084baf8084121",
                "sha256:833a61ed446426e38b0dd8be3e9d45ae285d424f5bf6cd5b2b559c8f12305508",
                "sha256:85df3adb1de5258dca910ae0bb185e48c98801ec15018a263a92bb06be1c8787",
                "sha256:8624a6111dc312ed8c363347a0b59c5acc6210d897e41a7c069de3c53235c9a6",
                "sha256:88eb9ffdfb59bf63835d146c183d6dba1f722b3ae2a5f4b9fc03e925b3358922",
                "sha256:a2ba6fc5d7c4bc84bcae6c5f8edf5988146e55ae654b1bb36fecee9e5e77e9e2",
                "sha256:b202e2843e32e80b3b584bcebfe0e65e0392920dc70df11b2bfe1afcb7a085e4",
                "sha256:b2abae6dd02523bec2dee16bd6b0781cccb53fd4995e5c71cc659b5f45581898",
                "sha256:b5aea1083f6f50023e8509399d7dc6535a351cc9f2e8827d1e093175e4d9fa4c",
                "sha256:bee89e948bc236a5c43c4214ac62d28b29388453f5fd328d739035e205365f0b",
                "sha256:c2c47c2e52b40449552843b913786499efcc3dbc21d6c49287d939cd0dbc49fd",
                "sha256:cf358066650439847ec5ff3dae1da98b5461ea5da0173d93d5e10f477c94609a",
                "sha256:d58c48d8dbbbf48a3a3a638714a2d16de537b0dace1e3432b8e92c57d43707f8",
                "sha256:e5ca7314042e8a614cc2574cd71f6ccd7e13a9708ce3c6d8436959eae56f2378",
                "sha256:f8340a3ac2ed4f5da59e064aa92e39edd52729a88fbde7bbaa54e08249a04493",
                "sha256:fee6db83ea5c978baf042440cfe29695e1a5d48a30147abf4c3be87513609817"
            ],
            "markers": "python_version >= '3.8'",
            "version": "==1.8.16"
        },
        "decorator": {
            "hashes": [
                "sha256:65f266143752f734b0a7cc83c46f4618af75b8c5911b00ccb61d0ac9b6da0360",
                "sha256:d316bb415a2d9e2d2b3abcc4084c6502fc09240e292cd76a76afc106a1c8e04a"
            ],
            "markers": "python_version >= '3.8'",
            "version": "==5.2.1"
        },
        "executing": {
            "hashes": [
                "sha256:11387150cad388d62750327a53d3339fad4888b39a6fe233c3afbb54ecffd3aa",
                "sha256:5d108c028108fe2551d1a7b2e8b713341e2cb4fc0aa7dcf966fa4327a5226755"
            ],
            "markers": "python_version >= '3.8'",
            "version": "==2.2.0"
        },
        "ipykernel": {
            "hashes": [
                "sha256:6abb270161896402e76b91394fcdce5d1be5d45f456671e5080572f8505be39b",
                "sha256:aa6b9fb93dca949069d8b85b6c79b2518e32ac583ae9c7d37c51d119e18b3fb4"
            ],
            "markers": "python_version >= '3.9'",
            "version": "==6.30.1"
        },
        "ipython": {
            "hashes": [
                "sha256:25850f025a446d9b359e8d296ba175a36aedd32e83ca9b5060430fe16801f066",
                "sha256:c033c6d4e7914c3d9768aabe76bbe87ba1dc66a92a05db6bfa1125d81f2ee270"
            ],
            "markers": "python_version >= '3.11'",
            "version": "==9.4.0"
        },
        "ipython-pygments-lexers": {
            "hashes": [
                "sha256:09c0138009e56b6854f9535736f4171d855c8c08a563a0dcd8022f78355c7e81",
                "sha256:a9462224a505ade19a605f71f8fa63c2048833ce50abc86768a0d81d876dc81c"
            ],
            "markers": "python_version >= '3.8'",
            "version": "==1.1.1"
        },
        "jedi": {
            "hashes": [
                "sha256:4770dc3de41bde3966b02eb84fbcf557fb33cce26ad23da12c742fb50ecb11f0",
                "sha256:a8ef22bde8490f57fe5c7681a3c83cb58874daf72b4784de3cce5b6ef6edb5b9"
            ],
            "markers": "python_version >= '3.6'",
            "version": "==0.19.2"
        },
        "jupyter-client": {
            "hashes": [
                "sha256:35b3a0947c4a6e9d589eb97d7d4cd5e90f910ee73101611f01283732bd6d9419",
                "sha256:e8a19cc986cc45905ac3362915f410f3af85424b4c0905e94fa5f2cb08e8f23f"
            ],
            "markers": "python_version >= '3.8'",
            "version": "==8.6.3"
        },
        "jupyter-core": {
            "hashes": [
                "sha256:0a5f9706f70e64786b75acba995988915ebd4601c8a52e534a40b51c95f59941",
                "sha256:c28d268fc90fb53f1338ded2eb410704c5449a358406e8a948b75706e24863d0"
            ],
            "markers": "python_version >= '3.8'",
            "version": "==5.8.1"
        },
        "matplotlib-inline": {
            "hashes": [
                "sha256:8423b23ec666be3d16e16b60bdd8ac4e86e840ebd1dd11a30b9f117f2fa0ab90",
                "sha256:df192d39a4ff8f21b1895d72e6a13f5fcc5099f00fa84384e0ea28c2cc0653ca"
            ],
            "markers": "python_version >= '3.8'",
            "version": "==0.1.7"
        },
        "nest-asyncio": {
            "hashes": [
                "sha256:6f172d5449aca15afd6c646851f4e31e02c598d553a667e38cafa997cfec55fe",
                "sha256:87af6efd6b5e897c81050477ef65c62e2b2f35d51703cae01aff2905b1852e1c"
            ],
            "markers": "python_version >= '3.5'",
            "version": "==1.6.0"
        },
        "packaging": {
            "hashes": [
                "sha256:29572ef2b1f17581046b3a2227d5c611fb25ec70ca1ba8554b24b0e69331a484",
                "sha256:d443872c98d677bf60f6a1f2f8c1cb748e8fe762d2bf9d3148b5599295b0fc4f"
            ],
            "markers": "python_version >= '3.8'",
            "version": "==25.0"
        },
        "parso": {
            "hashes": [
                "sha256:a418670a20291dacd2dddc80c377c5c3791378ee1e8d12bffc35420643d43f18",
                "sha256:eb3a7b58240fb99099a345571deecc0f9540ea5f4dd2fe14c2a99d6b281ab92d"
            ],
            "markers": "python_version >= '3.6'",
            "version": "==0.8.4"
        },
        "platformdirs": {
            "hashes": [
                "sha256:3d512d96e16bcb959a814c9f348431070822a6496326a4be0911c40b5a74c2bc",
                "sha256:ff7059bb7eb1179e2685604f4aaf157cfd9535242bd23742eadc3c13542139b4"
            ],
            "markers": "python_version >= '3.9'",
            "version": "==4.3.8"
        },
        "prompt-toolkit": {
            "hashes": [
                "sha256:52742911fde84e2d423e2f9a4cf1de7d7ac4e51958f648d9540e0fb8db077b07",
                "sha256:931a162e3b27fc90c86f1b48bb1fb2c528c2761475e57c9c06de13311c7b54ed"
            ],
            "markers": "python_version >= '3.8'",
            "version": "==3.0.51"
        },
        "psutil": {
            "hashes": [
                "sha256:101d71dc322e3cffd7cea0650b09b3d08b8e7c4109dd6809fe452dfd00e58b25",
                "sha256:1e744154a6580bc968a0195fd25e80432d3afec619daf145b9e5ba16cc1d688e",
                "sha256:1fcee592b4c6f146991ca55919ea3d1f8926497a713ed7faaf8225e174581e91",
                "sha256:39db632f6bb862eeccf56660871433e111b6ea58f2caea825571951d4b6aa3da",
                "sha256:4b1388a4f6875d7e2aff5c4ca1cc16c545ed41dd8bb596cefea80111db353a34",
                "sha256:4cf3d4eb1aa9b348dec30105c55cd9b7d4629285735a102beb4441e38db90553",
                "sha256:7be9c3eba38beccb6495ea33afd982a44074b78f28c434a1f51cc07fd315c456",
                "sha256:84df4eb63e16849689f76b1ffcb36db7b8de703d1bc1fe41773db487621b6c17",
                "sha256:a5f098451abc2828f7dc6b58d44b532b22f2088f4999a937557b603ce72b1993",
                "sha256:ba3fcef7523064a6c9da440fc4d6bd07da93ac726b5733c29027d7dc95b39d99"
            ],
            "markers": "python_version >= '3.6'",
            "version": "==7.0.0"
        },
        "pure-eval": {
            "hashes": [
                "sha256:1db8e35b67b3d218d818ae653e27f06c3aa420901fa7b081ca98cbedc874e0d0",
                "sha256:5f4e983f40564c576c7c8635ae88db5956bb2229d7e9237d03b3c0b0190eaf42"
            ],
            "version": "==0.2.3"
        },
        "pygments": {
            "hashes": [
                "sha256:636cb2477cec7f8952536970bc533bc43743542f70392ae026374600add5b887",
                "sha256:86540386c03d588bb81d44bc3928634ff26449851e99741617ecb9037ee5ec0b"
            ],
            "markers": "python_version >= '3.8'",
            "version": "==2.19.2"
        },
        "pyqt6": {
            "hashes": [
                "sha256:055870b703c1a49ca621f8a89e2ec4d848e6c739d39367eb9687af3b056d9aa3",
                "sha256:08792c72d130a02e3248a120f0b9bbb4bf4319095f92865bc5b365b00518f53d",
                "sha256:15b95bd273bb6288b070ed7a9503d5ff377aa4882dd6d175f07cad28cdb21da0",
                "sha256:33c23d28f6608747ecc8bfd04c8795f61631af9db4fb1e6c2a7523ec4cc916d9",
                "sha256:37884df27f774e2e1c0c96fa41e817a222329b80ffc6241725b0dc8c110acb35",
                "sha256:50642be03fb40f1c2111a09a1f5a0f79813e039c15e78267e6faaf8a96c1c3a6"
            ],
            "index": "pypi",
            "markers": "python_version >= '3.9'",
            "version": "==6.9.1"
        },
        "pyqt6-qscintilla": {
            "hashes": [
                "sha256:1395515e1dd24264e3db324ad19a8367fa3e485c8616932a2b32517b51a4d2d2",
                "sha256:2b16b3ca0c8f6cf4772a85a0a5b030d2a7ad8128e6f5a3fae6d8a641b04f7e41",
                "sha256:8849a4a9847bbf3698d0c1cf47e6d08552a49a66928543a73f10d6dcba617d10",
                "sha256:8ac7f3f61b76a73d60d7837aa1233f7147b5179fbc426e977a3ac21294a3dc48",
                "sha256:a9b5939bd7160bbd095bc06312f2a1289a344b7c4f89633ea7657207212c7d56",
                "sha256:b22e93cd70b35cb83dc4177d14c670a02d92d9ea51ee6759bb97d81679c39af2"
            ],
            "index": "pypi",
            "markers": "python_version >= '3.7'",
            "version": "==2.14.1"
        },
        "pyqt6-qt6": {
            "hashes": [
                "sha256:123e4aeb037c099bb4696a3ea8edcb1d9d62cedd0b2b950556b26024c97f3293",
                "sha256:3854c7f83ee4e8c2d91e23ab88b77f90e2ca7ace34fe72f634a446959f2b4d4a",
                "sha256:432caaedf5570bc8a9b7c75bc6af6a26bf88589536472eca73417ac019f59d41",
                "sha256:b065af7243d1d450a49470a8185301196a18b1d41085d3ef476eb55bbb225083",
                "sha256:cc5bd193ebd2d1a3ec66e1eee65bf532d762c239459bce1ecebf56177243e89b",
                "sha256:f9e54c424bc921ecb76792a75d123e4ecfc26b00b0c57dae526f41f1d57951d3"
            ],
            "version": "==6.9.1"
        },
        "pyqt6-sip": {
            "hashes": [
                "sha256:061d4a2eb60a603d8be7db6c7f27eb29d9cea97a09aa4533edc1662091ce4f03",
                "sha256:07f77e89d93747dda71b60c3490b00d754451729fbcbcec840e42084bf061655",
                "sha256:0b097eb58b4df936c4a2a88a2f367c8bb5c20ff049a45a7917ad75d698e3b277",
                "sha256:1a6c2f168773af9e6c7ef5e52907f16297d4efd346e4c958eda54ea9135be18e",
                "sha256:37af463dcce39285e686d49523d376994d8a2508b9acccb7616c4b117c9c4ed7",
                "sha256:38b5823dca93377f8a4efac3cbfaa1d20229aa5b640c31cf6ebbe5c586333808",
                "sha256:3dde8024d055f496eba7d44061c5a1ba4eb72fc95e5a9d7a0dbc908317e0888b",
                "sha256:45ac06f0380b7aa4fcffd89f9e8c00d1b575dc700c603446a9774fda2dcfc0de",
                "sha256:464ad156bf526500ce6bd05cac7a82280af6309974d816739b4a9a627156fafe",
                "sha256:4ccf197f8fa410e076936bee28ad9abadb450931d5be5625446fd20e0d8b27a6",
                "sha256:4ffa71ddff6ef031d52cd4f88b8bba08b3516313c023c7e5825cf4a0ba598712",
                "sha256:5506b9a795098df3b023cc7d0a37f93d3224a9c040c43804d4bc06e0b2b742b0",
                "sha256:8132ec1cbbecc69d23dcff23916ec07218f1a9bbbc243bf6f1df967117ce303e",
                "sha256:83e6a56d3e715f748557460600ec342cbd77af89ec89c4f2a68b185fa14ea46c",
                "sha256:8b5d06a0eac36038fa8734657d99b5fe92263ae7a0cd0a67be6acfe220a063e1",
                "sha256:9c67ed66e21b11e04ffabe0d93bc21df22e0a5d7e2e10ebc8c1d77d2f5042991",
                "sha256:ad376a6078da37b049fdf9d6637d71b52727e65c4496a80b753ddc8d27526aca",
                "sha256:b1d3cc9015a1bd8c8d3e86a009591e897d4d46b0c514aede7d2970a2208749cd",
                "sha256:c7b34a495b92790c70eae690d9e816b53d3b625b45eeed6ae2c0fe24075a237e",
                "sha256:c80cc059d772c632f5319632f183e7578cd0976b9498682833035b18a3483e92",
                "sha256:cc6a1dfdf324efaac6e7b890a608385205e652845c62130de919fd73a6326244",
                "sha256:ddd578a8d975bfb5fef83751829bf09a97a1355fa1de098e4fb4d1b74ee872fc",
                "sha256:e455a181d45a28ee8d18d42243d4f470d269e6ccdee60f2546e6e71218e05bb4",
                "sha256:e907394795e61f1174134465c889177f584336a98d7a10beade2437bf5942244"
            ],
            "markers": "python_version >= '3.9'",
            "version": "==13.10.2"
        },
        "python-dateutil": {
            "hashes": [
                "sha256:37dd54208da7e1cd875388217d5e00ebd4179249f90fb72437e91a35459a0ad3",
                "sha256:a8b2bc7bffae282281c8140a97d3aa9c14da0b136dfe83f850eea9a5f7470427"
            ],
            "markers": "python_version >= '2.7' and python_version not in '3.0, 3.1, 3.2'",
            "version": "==2.9.0.post0"
        },
        "pywin32": {
            "hashes": [
                "sha256:0502d1facf1fed4839a9a51ccbcc63d952cf318f78ffc00a7e78528ac27d7a2b",
                "sha256:184eb5e436dea364dcd3d2316d577d625c0351bf237c4e9a5fabbcfa5a58b151",
                "sha256:3aca44c046bd2ed8c90de9cb8427f581c479e594e99b5c0bb19b29c10fd6cb87",
                "sha256:3ce80b34b22b17ccbd937a6e78e7225d80c52f5ab9940fe0506a1a16f3dab503",
                "sha256:62ea666235135fee79bb154e695f3ff67370afefd71bd7fea7512fc70ef31e3d",
                "sha256:6c6f2969607b5023b0d9ce2541f8d2cbb01c4f46bc87456017cf63b73f1e2d8c",
                "sha256:718a38f7e5b058e76aee1c56ddd06908116d35147e133427e59a3983f703a20d",
                "sha256:750ec6e621af2b948540032557b10a2d43b0cee2ae9758c54154d711cc852d31",
                "sha256:797c2772017851984b97180b0bebe4b620bb86328e8a884bb626156295a63b3b",
                "sha256:7b4075d959648406202d92a2310cb990fea19b535c7f4a78d3f5e10b926eeb8a",
                "sha256:a508e2d9025764a8270f93111a970e1d0fbfc33f4153b388bb649b7eec4f9b42",
                "sha256:a733f1388e1a842abb67ffa8e7aad0e70ac519e09b0f6a784e65a136ec7cefd2",
                "sha256:aba8f82d551a942cb20d4a83413ccbac30790b50efb89a75e4f586ac0bb8056b",
                "sha256:b7a2c10b93f8986666d0c803ee19b5990885872a7de910fc460f9b0c2fbf92ee",
                "sha256:b8c095edad5c211ff31c05223658e71bf7116daa0ecf3ad85f3201ea3190d067",
                "sha256:c8015b09fb9a5e188f83b7b04de91ddca4658cee2ae6f3bc483f0b21a77ef6cd",
                "sha256:d03ff496d2a0cd4a5893504789d4a15399133fe82517455e78bad62efbb7f0a3",
                "sha256:e0c4cfb0621281fe40387df582097fd796e80430597cb9944f0ae70447bacd91",
                "sha256:e286f46a9a39c4a18b319c28f59b61de793654af2f395c102b4f819e584b5852",
                "sha256:f95ba5a847cba10dd8c4d8fefa9f2a6cf283b8b88ed6178fa8a6c1ab16054d0d"
            ],
            "markers": "sys_platform == 'win32' and platform_python_implementation != 'PyPy'",
            "version": "==311"
        },
        "pyzmq": {
            "hashes": [
                "sha256:05a94233fdde585eb70924a6e4929202a747eea6ed308a6171c4f1c715bbe39e",
                "sha256:092f4011b26d6b0201002f439bd74b38f23f3aefcb358621bdc3b230afc9b2d5",
                "sha256:0ec09073ed67ae236785d543df3b322282acc0bdf6d1b748c3e81f3043b21cb5",
                "sha256:0f772eea55cccce7f45d6ecdd1d5049c12a77ec22404f6b892fae687faa87bee",
                "sha256:0fc24bf45e4a454e55ef99d7f5c8b8712539200ce98533af25a5bfa954b6b390",
                "sha256:119ce8590409702394f959c159d048002cbed2f3c0645ec9d6a88087fc70f0f1",
                "sha256:1843fd0daebcf843fe6d4da53b8bdd3fc906ad3e97d25f51c3fed44436d82a49",
                "sha256:19dce6c93656f9c469540350d29b128cd8ba55b80b332b431b9a1e9ff74cfd01",
                "sha256:1c363c6dc66352331d5ad64bb838765c6692766334a6a02fdb05e76bd408ae18",
                "sha256:1d59dad4173dc2a111f03e59315c7bd6e73da1a9d20a84a25cf08325b0582b1a",
                "sha256:1da8e645c655d86f0305fb4c65a0d848f461cd90ee07d21f254667287b5dbe50",
                "sha256:2329f0c87f0466dce45bba32b63f47018dda5ca40a0085cc5c8558fea7d9fc55",
                "sha256:27a78bdd384dbbe7b357af95f72efe8c494306b5ec0a03c31e2d53d6763e5307",
                "sha256:2852f67371918705cc18b321695f75c5d653d5d8c4a9b946c1eec4dab2bd6fdf",
                "sha256:313a7b374e3dc64848644ca348a51004b41726f768b02e17e689f1322366a4d9",
                "sha256:351bf5d8ca0788ca85327fda45843b6927593ff4c807faee368cc5aaf9f809c2",
                "sha256:4401649bfa0a38f0f8777f8faba7cd7eb7b5b8ae2abc7542b830dd09ad4aed0d",
                "sha256:44909aa3ed2234d69fe81e1dade7be336bcfeab106e16bdaa3318dcde4262b93",
                "sha256:45c3e00ce16896ace2cd770ab9057a7cf97d4613ea5f2a13f815141d8b6894b9",
                "sha256:45c549204bc20e7484ffd2555f6cf02e572440ecf2f3bdd60d4404b20fddf64b",
                "sha256:497bd8af534ae55dc4ef67eebd1c149ff2a0b0f1e146db73c8b5a53d83c1a5f5",
                "sha256:4b9d8e26fb600d0d69cc9933e20af08552e97cc868a183d38a5c0d661e40dfbb",
                "sha256:4bca8abc31799a6f3652d13f47e0b0e1cab76f9125f2283d085a3754f669b607",
                "sha256:4c3874344fd5fa6d58bb51919708048ac4cab21099f40a227173cddb76b4c20b",
                "sha256:4f6886c59ba93ffde09b957d3e857e7950c8fe818bd5494d9b4287bc6d5bc7f1",
                "sha256:5268a5a9177afff53dc6d70dffe63114ba2a6e7b20d9411cc3adeba09eeda403",
                "sha256:544b995a6a1976fad5d7ff01409b4588f7608ccc41be72147700af91fd44875d",
                "sha256:56a3b1853f3954ec1f0e91085f1350cc57d18f11205e4ab6e83e4b7c414120e0",
                "sha256:571f762aed89025ba8cdcbe355fea56889715ec06d0264fd8b6a3f3fa38154ed",
                "sha256:57bb92abdb48467b89c2d21da1ab01a07d0745e536d62afd2e30d5acbd0092eb",
                "sha256:58cca552567423f04d06a075f4b473e78ab5bdb906febe56bf4797633f54aa4e",
                "sha256:64ca3c7c614aefcdd5e358ecdd41d1237c35fe1417d01ec0160e7cdb0a380edc",
                "sha256:678e50ec112bdc6df5a83ac259a55a4ba97a8b314c325ab26b3b5b071151bc61",
                "sha256:696900ef6bc20bef6a242973943574f96c3f97d2183c1bd3da5eea4f559631b1",
                "sha256:6dcbcb34f5c9b0cefdfc71ff745459241b7d3cda5b27c7ad69d45afc0821d1e1",
                "sha256:6f02f30a4a6b3efe665ab13a3dd47109d80326c8fd286311d1ba9f397dc5f247",
                "sha256:70b719a130b81dd130a57ac0ff636dc2c0127c5b35ca5467d1b67057e3c7a4d2",
                "sha256:72d235d6365ca73d8ce92f7425065d70f5c1e19baa458eb3f0d570e425b73a96",
                "sha256:7418fb5736d0d39b3ecc6bec4ff549777988feb260f5381636d8bd321b653038",
                "sha256:77fed80e30fa65708546c4119840a46691290efc231f6bfb2ac2a39b52e15811",
                "sha256:7ebccf0d760bc92a4a7c751aeb2fef6626144aace76ee8f5a63abeb100cae87f",
                "sha256:7fb0ee35845bef1e8c4a152d766242164e138c239e3182f558ae15cb4a891f94",
                "sha256:87aebf4acd7249bdff8d3df03aed4f09e67078e6762cfe0aecf8d0748ff94cde",
                "sha256:88dc92d9eb5ea4968123e74db146d770b0c8d48f0e2bfb1dbc6c50a8edb12d64",
                "sha256:8c62297bc7aea2147b472ca5ca2b4389377ad82898c87cabab2a94aedd75e337",
                "sha256:8f617f60a8b609a13099b313e7e525e67f84ef4524b6acad396d9ff153f6e4cd",
                "sha256:90a4da42aa322de8a3522461e3b5fe999935763b27f69a02fced40f4e3cf9682",
                "sha256:95594b2ceeaa94934e3e94dd7bf5f3c3659cf1a26b1fb3edcf6e42dad7e0eaf2",
                "sha256:9729190bd770314f5fbba42476abf6abe79a746eeda11d1d68fd56dd70e5c296",
                "sha256:9d16fdfd7d70a6b0ca45d36eb19f7702fa77ef6256652f17594fc9ce534c9da6",
                "sha256:9d7b6b90da7285642f480b48c9efd1d25302fd628237d8f6f6ee39ba6b2d2d34",
                "sha256:a066ea6ad6218b4c233906adf0ae67830f451ed238419c0db609310dd781fbe7",
                "sha256:a27fa11ebaccc099cac4309c799aa33919671a7660e29b3e465b7893bc64ec81",
                "sha256:a4aca06ba295aa78bec9b33ec028d1ca08744c36294338c41432b7171060c808",
                "sha256:af2ee67b3688b067e20fea3fe36b823a362609a1966e7e7a21883ae6da248804",
                "sha256:af7ebce2a1e7caf30c0bb64a845f63a69e76a2fadbc1cac47178f7bb6e657bdd",
                "sha256:b007e5dcba684e888fbc90554cb12a2f4e492927c8c2761a80b7590209821743",
                "sha256:b25e72e115399a4441aad322258fa8267b873850dc7c276e3f874042728c2b45",
                "sha256:b978c0678cffbe8860ec9edc91200e895c29ae1ac8a7085f947f8e8864c489fb",
                "sha256:b99ea9d330e86ce1ff7f2456b33f1bf81c43862a5590faf4ef4ed3a63504bdab",
                "sha256:b9fd0fda730461f510cfd9a40fafa5355d65f5e3dbdd8d6dfa342b5b3f5d1949",
                "sha256:ba068f28028849da725ff9185c24f832ccf9207a40f9b28ac46ab7c04994bd41",
                "sha256:be45a895f98877271e8a0b6cf40925e0369121ce423421c20fa6d7958dc753c2",
                "sha256:bee5248d5ec9223545f8cc4f368c2d571477ae828c99409125c3911511d98245",
                "sha256:c512824360ea7490390566ce00bee880e19b526b312b25cc0bc30a0fe95cb67f",
                "sha256:c9180d1f5b4b73e28b64e63cc6c4c097690f102aa14935a62d5dd7426a4e5b5a",
                "sha256:c96702e1082eab62ae583d64c4e19c9b848359196697e536a0c57ae9bd165bd5",
                "sha256:c9d63d66059114a6756d09169c9209ffceabacb65b9cb0f66e6fc344b20b73e6",
                "sha256:ce181dd1a7c6c012d0efa8ab603c34b5ee9d86e570c03415bbb1b8772eeb381c",
                "sha256:d0356a21e58c3e99248930ff73cc05b1d302ff50f41a8a47371aefb04327378a",
                "sha256:d0b96c30be9f9387b18b18b6133c75a7b1b0065da64e150fe1feb5ebf31ece1c",
                "sha256:d2976b7079f09f48d59dc123293ed6282fca6ef96a270f4ea0364e4e54c8e855",
                "sha256:d97b59cbd8a6c8b23524a8ce237ff9504d987dc07156258aa68ae06d2dd5f34d",
                "sha256:da81512b83032ed6cdf85ca62e020b4c23dda87f1b6c26b932131222ccfdbd27",
                "sha256:df2c55c958d3766bdb3e9d858b911288acec09a9aab15883f384fc7180df5bed",
                "sha256:dfb2bb5e0f7198eaacfb6796fb0330afd28f36d985a770745fba554a5903595a",
                "sha256:e4f22d67756518d71901edf73b38dc0eb4765cce22c8fe122cc81748d425262b",
                "sha256:e648dca28178fc879c814cf285048dd22fd1f03e1104101106505ec0eea50a4d",
                "sha256:e971d8680003d0af6020713e52f92109b46fedb463916e988814e04c8133578a",
                "sha256:ee16906c8025fa464bea1e48128c048d02359fb40bebe5333103228528506530",
                "sha256:f293a1419266e3bf3557d1f8778f9e1ffe7e6b2c8df5c9dca191caf60831eb74",
                "sha256:f379f11e138dfd56c3f24a04164f871a08281194dd9ddf656a278d7d080c8ad0",
                "sha256:f44e7ea288d022d4bf93b9e79dafcb4a7aea45a3cbeae2116792904931cefccf",
                "sha256:f5b6133c8d313bde8bd0d123c169d22525300ff164c2189f849de495e1344577",
                "sha256:f65741cc06630652e82aa68ddef4986a3ab9073dd46d59f94ce5f005fa72037c",
                "sha256:f8c3b74f1cd577a5a9253eae7ed363f88cbb345a990ca3027e9038301d47c7f4",
                "sha256:f96a63aecec22d3f7fdea3c6c98df9e42973f5856bb6812c3d8d78c262fee808",
                "sha256:f98f6b7787bd2beb1f0dde03f23a0621a0c978edf673b7d8f5e7bc039cbe1b60",
                "sha256:fde26267416c8478c95432c81489b53f57b0b5d24cd5c8bfaebf5bbaac4dc90c",
                "sha256:fe632fa4501154d58dfbe1764a0495734d55f84eaf1feda4549a1f1ca76659e9",
                "sha256:ff3f8757570e45da7a5bedaa140489846510014f7a9d5ee9301c61f3f1b8a686",
                "sha256:ffe6b809a97ac6dea524b3b837d5b28743d8c2f121141056d168ff0ba8f614ef"
            ],
            "markers": "python_version >= '3.8'",
            "version": "==27.0.1"
        },
        "qtconsole": {
            "hashes": [
                "sha256:3d22490d9589bace566ad4f3455b61fa2209156f40e87e19e2c3cb64e9264950",
                "sha256:5cad1c7e6c75d3ef8143857fd2ed28062b4b92b933c2cc328252d18a9cfd0be5"
            ],
            "index": "pypi",
            "markers": "python_version >= '3.8'",
            "version": "==5.6.1"
        },
        "qtpy": {
            "hashes": [
                "sha256:72095afe13673e017946cc258b8d5da43314197b741ed2890e563cf384b51aa1",
                "sha256:db744f7832e6d3da90568ba6ccbca3ee2b3b4a890c3d6fbbc63142f6e4cdf5bb"
            ],
            "markers": "python_version >= '3.7'",
            "version": "==2.4.3"
        },
        "six": {
            "hashes": [
                "sha256:4721f391ed90541fddacab5acf947aa0d3dc7d27b2e1e8eda2be8970586c3274",
                "sha256:ff70335d468e7eb6ec65b95b99d3a2836546063f63acc5171de367e834932a81"
            ],
            "markers": "python_version >= '2.7' and python_version not in '3.0, 3.1, 3.2'",
            "version": "==1.17.0"
        },
        "stack-data": {
            "hashes": [
                "sha256:836a778de4fec4dcd1dcd89ed8abff8a221f58308462e1c4aa2a3cf30148f0b9",
                "sha256:d5558e0c25a4cb0853cddad3d77da9891a08cb85dd9f9f91b9f8cd66e511e695"
            ],
            "version": "==0.6.3"
        },
        "tornado": {
            "hashes": [
                "sha256:06ceb1300fd70cb20e43b1ad8aaee0266e69e7ced38fa910ad2e03285009ce7c",
                "sha256:2436822940d37cde62771cff8774f4f00b3c8024fe482e16ca8387b8a2724db6",
                "sha256:583a52c7aa94ee046854ba81d9ebb6c81ec0fd30386d96f7640c96dad45a03ef",
                "sha256:74db443e0f5251be86cbf37929f84d8c20c27a355dd452a5cfa2aada0d001ec4",
                "sha256:ab53c8f9a0fa351e2c0741284e06c7a45da86afb544133201c5cc8578eb076a0",
                "sha256:b0fe179f28d597deab2842b86ed4060deec7388f1fd9c1b4a41adf8af058907e",
                "sha256:b186e85d1e3536d69583d2298423744740986018e393d0321df7340e71898882",
                "sha256:b5e735ab2889d7ed33b32a459cac490eda71a1ba6857b0118de476ab6c366c04",
                "sha256:c6f29e94d9b37a95013bb669616352ddb82e3bfe8326fccee50583caebc8a5f0",
                "sha256:d6c33dc3672e3a1f3618eb63b7ef4683a7688e7b9e6e8f0d9aa5726360a004af",
                "sha256:e56a5af51cc30dd2cae649429af65ca2f6571da29504a07995175df14c18f35f",
                "sha256:e792706668c87709709c18b353da1f7662317b563ff69f00bab83595940c7108"
            ],
            "markers": "python_version >= '3.9'",
            "version": "==6.5.2"
        },
        "traitlets": {
            "hashes": [
                "sha256:9ed0579d3502c94b4b3732ac120375cda96f923114522847de4b3bb98b96b6b7",
                "sha256:b74e89e397b1ed28cc831db7aea759ba6640cb3de13090ca145426688ff1ac4f"
            ],
            "markers": "python_version >= '3.8'",
            "version": "==5.14.3"
        },
        "wcwidth": {
            "hashes": [
                "sha256:3da69048e4540d84af32131829ff948f1e022c1c6bdb8d6102117aac784f6859",
                "sha256:72ea0c06399eb286d978fdedb6923a9eb47e1c486ce63e9b4e64fc18303972b5"
            ],
            "version": "==0.2.13"
        }
    },
    "develop": {}
}
