{
    "_meta": {
        "hash": {
            "sha256": "a2307c68f8d4963d616de918fb435b9af97a8a4fd40dac495162c6ee8175c2bf"
        },
        "pipfile-spec": 6,
        "requires": {
            "python_full_version": "3.12.4",
            "python_version": "3.12"
        },
        "sources": [
            {
                "name": "pypi",
                "url": "https://pypi.org/simple",
                "verify_ssl": true
            }
        ]
    },
    "default": {
        "asttokens": {
            "hashes": [
                "sha256:051ed49c3dcae8913ea7cd08e46a606dba30b79993209636c4875bc1d637bc24",
                "sha256:b03869718ba9a6eb027e134bfdf69f38a236d681c83c160d510768af11254ba0"
            ],
            "version": "==2.4.1"
        },
        "colorama": {
            "hashes": [
                "sha256:08695f5cb7ed6e0531a20572697297273c47b8cae5a63ffc6d6ed5c201be6e44",
                "sha256:4f1d9991f5acc0ca119f9d443620b77f9d6b33703e51011c16baf57afb285fc6"
            ],
            "markers": "sys_platform == 'win32'",
            "version": "==0.4.6"
        },
        "comm": {
            "hashes": [
                "sha256:3fd7a84065306e07bea1773df6eb8282de51ba82f77c72f9c85716ab11fe980e",
                "sha256:e6fb86cb70ff661ee8c9c14e7d36d6de3b4066f1441be4063df9c5009f0a64d3"
            ],
            "markers": "python_version >= '3.8'",
            "version": "==0.2.2"
        },
        "cx-freeze": {
            "hashes": [
                "sha256:11b86b7e5f307e67a76a8f164b9b8b0a3745418b495e6f59abd0fdfeaab206f7",
                "sha256:166b93473e86b926db7ab26e7d83504e8330df07af44cc090ebcad40e3158417",
                "sha256:19fb97c8481266931c5fd5cc380b12fb09053258413ebaf6760d5063e5ffde41",
                "sha256:1c9d67de843ba748f2e52a5cf44f9f943e15ad8ec3bb590f767613b20ac24882",
                "sha256:36285f3367f4d220632c572f37140bdacb2020bdf7b166ee707e3e2351338955",
                "sha256:37df5c5184bde8a7512e08bb0c6ee72b7d26b7a72fdb71454d63530ea440ab84",
                "sha256:3fcb9fb7016b28a969952761ed2ed730a8001941e29757379cc386f080bbe055",
                "sha256:4030de54f227b5852155d86fc00f86a19e87d0470aa650ec4ddd06b06f270ceb",
                "sha256:43e6c1ccaf9be9010a0e8a8c33edc7671dd0a6f8c49ab2bcd9f49ce0960089e0",
                "sha256:4a91284a925df800e0dbb324c51ab4fd7bd0ea708f280d94a2a10cf564c28cbe",
                "sha256:51a2f286ff58e04510b6af87c055b6fca36045a0fb785cd966f38aa70f86c3ce",
                "sha256:5ed93d21a7962cc2886fb6e9e7d53fec67d6da02ff8088c9007a03835adc0240",
                "sha256:60eba74abdb2211b38263797342e95732ec96621a781b02e5ff909cdc9cf5be5",
                "sha256:620635e86ef46872763be8b65b7c06f5f24943151e80013e3a37f312fe070895",
                "sha256:64c3f734cff3620d5ecc474d59a753cae52ba96b52e0a9ade803a70699be1bc1",
                "sha256:717915dfa25730b57166b25d392c83d41e3f655c8996d473ba0368aec2a9d262",
                "sha256:77e2362f075b242a99e041afb9a49693a60c102b9b1df67f6387c87fde02e34f",
                "sha256:7e84fb083182bcaab226b7a75d2069cefcf3e3181142b09b514d99a5ae4860c8",
                "sha256:7f988be0ad19be0df357102fae21553f36cc4f83b4e881888e3512d1a2bcb8ba",
                "sha256:8437c18a129b0cf875f68697a56cd86c69698e6790a5d2c61f8b970bc512128b",
                "sha256:96046d864e03d4241e869fa5e3ae186be1fbdc170d77125fe36185c7a0108f6f",
                "sha256:98491338f6dcf52f8ee4d872d08aeae0c91466a47383ad19d1332a565f7c4df8",
                "sha256:9fbd82cdd0739daf9009c5ba0110f758f586391a00a624db94f81f3531178ea5",
                "sha256:a51b97024401d5cfaa392caef8b150bf91e62c0fdcb6a68372959c6ff28349d3",
                "sha256:aa95b50e3746cb534a53023e3b7393b6b39ab039885302dcaeab4245066656b5",
                "sha256:ac48fe678f69b965b10c5f880609e0ec738777c109d45d77e139c76385ac4404",
                "sha256:afc91a24eccfe14f1853c93e78656772710ed754f7cc5ecb9761b6250a540848",
                "sha256:b00302fc33f279f7dbca764bdb60247d609e3b424ff31198512c6eeb8cdda17b",
                "sha256:b7a0c2cced3fa9cf3b0cb4b67064b3ed2db1edec3186d75270ee0c01ed31cf54",
                "sha256:bb6d91342f7379ba76d8a07c263d1fba380f0044b13d3e4629e50cc8dd19b681",
                "sha256:c57f7101b4d35132464b1ec88cb8948c3b7c5b4ece4bb354c16091589cb33583",
                "sha256:d68f2ec4c0c456c6f1ca5e623f240f27fb63ae65970a16e04689863b03a16c7e",
                "sha256:d727df584a9b1548dbc478f036382b8cde94471e106d38fb9c45b238bf8af4d1",
                "sha256:dbd24c7f0f402c62bed9cfbf6e7dd7d65ef2a011d2576404d9cf2d2c113c1e48",
                "sha256:dd175db3069991b60a792ee17a2e2e4853bfbcfc0b1be976ebee04ed1098c101",
                "sha256:e04a06dc36bfd38088879f5faab7de15c99f3daada524b8a816addb203ec9464",
                "sha256:e61692176a8803e0853ca115cede397942c1cee9e20c8eb5798613d0b92dd75d",
                "sha256:e97745e663450871736f06321fc732b440628cff397f8ddbef05ffbc355b2f5d",
                "sha256:ecea5246805c063a1d782e446c811a3c517918770fa04678637dc0f356449489",
                "sha256:f0d518c75880a517b04a82258d935b9408874d7b27f6d8d20dc4d8818395d02e",
                "sha256:f7cf98f63c85fc2f947a7f68548136d60dfd7927a464d1cd38239a75b730f7f7",
                "sha256:f843263c0faab92f71a5650f9676806378b0d2cfe5902cb2cefb3dce20a275ac"
            ],
            "index": "pypi",
            "markers": "python_version >= '3.8'",
            "version": "==7.2.0"
        },
        "cx-logging": {
            "hashes": [
                "sha256:00f23737f81d6b88a74b4f33bce5ea114283aab153a0d6c290b0626e5deb7978",
                "sha256:031fe74ca61bf6084d64e835a7801b3c8d8758737fcadae234ba8b09a16d1368",
                "sha256:03b725bbbe455a87c92c125e246a8c0c1f44bb20c7af0048e4c209cfc2a1a180",
                "sha256:08bf89fa288c4aae9ad34534813aea1e275beb052bc40c7e4ef76862954c61b7",
                "sha256:12e7713ffed11d7020b35623470c24af3223175ae38ea93797712e55219648e1",
                "sha256:1f40486414ba63fef003167c6942a08fd699b3197d359ca56441ddf2d82a7e6d",
                "sha256:20ff0e7ee0da525ca8b31bd4af49819aee220307896f98a68d8794a5c1f6fde2",
                "sha256:2496386a36f63233fe77e7e68539910b9429df2f922be1af71309be59dca11f3",
                "sha256:2d29550bec4fdd7ce05b23ae6d3539a33060feb24ff39d5cbb89925d59b018b7",
                "sha256:369dc509e65ceb3244281e89a8db99a7d67bde524d7bc9ab650282d44e153a06",
                "sha256:3a0e153c9ed70ea5f8cea27c34052fd815d93d0858c7867f926274b5ccb04ee5",
                "sha256:4328097f6034be241e02146af8e199382e7f30019272c26768e4cd3e5122d3f9",
                "sha256:705c1baf94ac49ba7bc807deeef18e1613b27ebdfacb15ab5702ec07f5f04446",
                "sha256:77449b6c48902ec24d876643d66a37d841c6aa425f4f0ae7ff64bf53e3565e11",
                "sha256:7d85861c70012c24415e488cff14ec6ba029d097b4d2b4d3effd6a5b1d5ce287",
                "sha256:aafd5c2156751e473b4a8d331d01e70e872b235068da2158a29e377777baac63",
                "sha256:ac2957603ec1b1d3f7274b834ade52fb3004e0d4b9e3414b8593c60de5e3cf39",
                "sha256:bdbad6d2e6a0cc5bef962a34d7aa1232e88ea9f3541d6e2881675b5e7eab5502",
                "sha256:d40c1a4dcd54eff3335f34a2f9af9e29f29b45441fa99f90d6710ffae130a826",
                "sha256:e0cfcd5c88694e062465db50410be53ce5a957ad3d50b90a8f4bd03c98f73c7b",
                "sha256:e7c883b1cfd76a44ded9677333bebb01e50970b52bdc5746cc2f45a661cebb7a"
            ],
            "markers": "sys_platform == 'win32'",
            "version": "==3.2.0"
        },
        "debugpy": {
            "hashes": [
                "sha256:0df2c400853150af14996b8d1a4f54d45ffa98e76c0f3de30665e89e273ea293",
                "sha256:0f5a6326d9fc375b864ed368d06cddf2dabe5135511e71cde3758be699847d36"
            ],
            "markers": "python_version >= '3.8'",
            "version": "==1.8.3"
        },
        "decorator": {
            "hashes": [
                "sha256:637996211036b6385ef91435e4fae22989472f9d571faba8927ba8253acbc330",
                "sha256:b8c3f85900b9dc423225913c5aace94729fe1fa9763b38939a95226f02d37186"
            ],
            "markers": "python_version >= '3.5'",
            "version": "==5.1.1"
        },
        "executing": {
            "hashes": [
                "sha256:35afe2ce3affba8ee97f2d69927fa823b08b472b7b994e36a52a964b93d16147",
                "sha256:eac49ca94516ccc753f9fb5ce82603156e590b27525a8bc32cce8ae302eb61bc"
            ],
            "markers": "python_version >= '3.5'",
            "version": "==2.0.1"
        },
        "ipykernel": {
            "hashes": [
                "sha256:afdb66ba5aa354b09b91379bac28ae4afebbb30e8b39510c9690afb7a10421b5",
                "sha256:f093a22c4a40f8828f8e330a9c297cb93dcab13bd9678ded6de8e5cf81c56215"
            ],
            "markers": "python_version >= '3.8'",
            "version": "==6.29.5"
        },
        "ipython": {
            "hashes": [
                "sha256:1cec0fbba8404af13facebe83d04436a7434c7400e59f47acf467c64abd0956c",
                "sha256:e6b347c27bdf9c32ee9d31ae85defc525755a1869f14057e900675b9e8d6e6ff"
            ],
            "markers": "python_version >= '3.10'",
            "version": "==8.26.0"
        },
        "jedi": {
            "hashes": [
                "sha256:cf0496f3651bc65d7174ac1b7d043eff454892c708a87d1b683e57b569927ffd",
                "sha256:e983c654fe5c02867aef4cdfce5a2fbb4a50adc0af145f70504238f18ef5e7e0"
            ],
            "markers": "python_version >= '3.6'",
            "version": "==0.19.1"
        },
        "jupyter-client": {
            "hashes": [
                "sha256:2bda14d55ee5ba58552a8c53ae43d215ad9868853489213f37da060ced54d8df",
                "sha256:50cbc5c66fd1b8f65ecb66bc490ab73217993632809b6e505687de18e9dea39f"
            ],
            "markers": "python_version >= '3.8'",
            "version": "==8.6.2"
        },
        "jupyter-core": {
            "hashes": [
                "sha256:4f7315d2f6b4bcf2e3e7cb6e46772eba760ae459cd1f59d29eb57b0a01bd7409",
                "sha256:aa5f8d32bbf6b431ac830496da7392035d6f61b4f54872f15c4bd2a9c3f536d9"
            ],
            "markers": "python_version >= '3.8'",
            "version": "==5.7.2"
        },
        "lief": {
            "hashes": [
                "sha256:016e4fac91303466024154dd3c4b599e8b7c52882f72038b62a2be386d98c8f9",
                "sha256:08bad88083f696915f8dcda4042a3bfc514e17462924ec8984085838b2261921",
                "sha256:1f3c40eadff07a4c8fa74f1e268f9fa70b68f39b6795a00cd82160ca6782d5c3",
                "sha256:24f687244e14d4a8307430babc5c712a1dd4e519172886ad4aeb9825f88f7569",
                "sha256:26134815adecfd7f15dfbdf12cc64df25bcf3d0db917cf115fc3b296d09be496",
                "sha256:2db3eb282a35daf51f89c6509226668a08fb6a6d1f507dd549dd9f077585db11",
                "sha256:33d062340c709c1a33539d221ea3cb764cbb8d7c9ee8aae28bf9797bc8715a0b",
                "sha256:3ca365c704c6b6b1ce631b92fea2eddaf93d66c897a0ec4ab51e9ab9e3345920",
                "sha256:473e9a37beef8db8bab1a777271aa49cce44dfe35af65cb8fad576377518c0bd",
                "sha256:497b88f9c9aaae999766ba188744ee35c5f38b4b64016f7dbb7037e9bf325382",
                "sha256:4a35ceeee74bb9bb4c7171f4bca814576a3aa6dec16a0a9469e5743db0a9ba0c",
                "sha256:50795b51884b76a78c481d6d069d992561c217180bd81cf12554180389eff0a3",
                "sha256:66deb1b26de43acb2fd0b2fc5e6be70093eaaa93797332cc4613e163164c77e7",
                "sha256:6ca0220189698599df30b8044f43fb1fc7ba919fb9ef6047c892f9faee16393a",
                "sha256:6df40e3750b8b26f88a6b28ac01db7338cdb6158f28363c755bf36452ce20d28",
                "sha256:7030c22a4446ea2ac673fd50128e9c639121c0a4dae11ca1cd8cc20d62d26e7e",
                "sha256:7a9a94882f9af110fb01b4558a58941d2352b9a4ae3fef15570a3fab921ff462",
                "sha256:95f295a7cc68f4e14ce7ea4ff8082a04f5313c2e5e63cc2bbe9d059190b7e4d5",
                "sha256:9a5c7732a3ce53b306c8180ab64fdfb36d8cd9df91aedd9e2b4dad9faf47492b",
                "sha256:abb15e4de34e70661fd35e87e2634abf0ae57a8c8ac78d02ad4259f5a5817e26",
                "sha256:b4e76eeb48ca2925c6ca6034d408582615f2faa855f9bb11482e7acbdecc4803",
                "sha256:bcc06f24f64fa6f20372d625ce60c40a7a6f669e11bdd02c2f0b8c5c6d09a5ee",
                "sha256:c1c15bd3e5b15da6dcc0ba75d5549f15bfbf9214c0d8e3938f85877a40c352d9",
                "sha256:c202ed13b641db2e1f8a24743fb0c85595b32ea92cc3c517d3f7a9977e16dcb4",
                "sha256:c321234b50997c217107c09e69f53518c37fac637f8735c968c258dd4c748fb2",
                "sha256:cdc1123c2e27970f8c8353505fd578e634ab33193c8d1dff36dc159e25599a40",
                "sha256:d22f804eee7f1b4a4b37e7a3d35e2003c4c054f3450d40389e54c8ac9fc2a5db",
                "sha256:df650fa05ca131e4dfeb42c77985e1eb239730af9944bc0aadb1dfac8576e0e8",
                "sha256:e131d6158a085f8a72124136816fefc29405c725cd3695ce22a904e471f0f815",
                "sha256:e7f7a55db2fcf269569f9e9fa5ea752620396de17bd9d29fc8b29e176975ecdb",
                "sha256:ebcbe4eadd33d8cf2c6015f44d6c9b72f81388af745938e633c4bb90262b2036",
                "sha256:f9ff9a6959fb6d0e553cca41cd1027b609d27c5073e98d9fad8b774fbb5746c2",
                "sha256:fd481bfdfef04e8be4d200bca771d0d9394d9146c6cd403f9e58c80c4196a24e"
            ],
            "markers": "sys_platform == 'win32'",
            "version": "==0.14.1"
        },
        "matplotlib-inline": {
            "hashes": [
                "sha256:8423b23ec666be3d16e16b60bdd8ac4e86e840ebd1dd11a30b9f117f2fa0ab90",
                "sha256:df192d39a4ff8f21b1895d72e6a13f5fcc5099f00fa84384e0ea28c2cc0653ca"
            ],
            "markers": "python_version >= '3.8'",
            "version": "==0.1.7"
        },
        "nest-asyncio": {
            "hashes": [
                "sha256:6f172d5449aca15afd6c646851f4e31e02c598d553a667e38cafa997cfec55fe",
                "sha256:87af6efd6b5e897c81050477ef65c62e2b2f35d51703cae01aff2905b1852e1c"
            ],
            "markers": "python_version >= '3.5'",
            "version": "==1.6.0"
        },
        "packaging": {
            "hashes": [
                "sha256:026ed72c8ed3fcce5bf8950572258698927fd1dbda10a5e981cdf0ac37f4f002",
                "sha256:5b8f2217dbdbd2f7f384c41c628544e6d52f2d0f53c6d0c3ea61aa5d1d7ff124"
            ],
            "markers": "python_version >= '3.8'",
            "version": "==24.1"
        },
        "parso": {
            "hashes": [
                "sha256:a418670a20291dacd2dddc80c377c5c3791378ee1e8d12bffc35420643d43f18",
                "sha256:eb3a7b58240fb99099a345571deecc0f9540ea5f4dd2fe14c2a99d6b281ab92d"
            ],
            "markers": "python_version >= '3.6'",
            "version": "==0.8.4"
        },
        "platformdirs": {
            "hashes": [
                "sha256:2d7a1657e36a80ea911db832a8a6ece5ee53d8de21edd5cc5879af6530b1bfee",
                "sha256:38b7b51f512eed9e84a22788b4bce1de17c0adb134d6becb09836e37d8654cd3"
            ],
            "markers": "python_version >= '3.8'",
            "version": "==4.2.2"
        },
        "plyer": {
            "hashes": [
                "sha256:1b1772060df8b3045ed4f08231690ec8f7de30f5a004aa1724665a9074eed113",
                "sha256:65b7dfb7e11e07af37a8487eb2aa69524276ef70dad500b07228ce64736baa61"
            ],
            "index": "pypi",
            "version": "==2.1.0"
        },
        "prompt-toolkit": {
            "hashes": [
                "sha256:0d7bfa67001d5e39d02c224b663abc33687405033a8c422d0d675a5a13361d10",
                "sha256:1e1b29cb58080b1e69f207c893a1a7bf16d127a5c30c9d17a25a5d77792e5360"
            ],
            "markers": "python_full_version >= '3.7.0'",
            "version": "==3.0.47"
        },
        "psutil": {
            "hashes": [
                "sha256:02b69001f44cc73c1c5279d02b30a817e339ceb258ad75997325e0e6169d8b35",
                "sha256:1287c2b95f1c0a364d23bc6f2ea2365a8d4d9b726a3be7294296ff7ba97c17f0",
                "sha256:1e7c870afcb7d91fdea2b37c24aeb08f98b6d67257a5cb0a8bc3ac68d0f1a68c",
                "sha256:21f1fb635deccd510f69f485b87433460a603919b45e2a324ad65b0cc74f8fb1",
                "sha256:33ea5e1c975250a720b3a6609c490db40dae5d83a4eb315170c4fe0d8b1f34b3",
                "sha256:34859b8d8f423b86e4385ff3665d3f4d94be3cdf48221fbe476e883514fdb71c",
                "sha256:5fd9a97c8e94059b0ef54a7d4baf13b405011176c3b6ff257c247cae0d560ecd",
                "sha256:6ec7588fb3ddaec7344a825afe298db83fe01bfaaab39155fa84cf1c0d6b13c3",
                "sha256:6ed2440ada7ef7d0d608f20ad89a04ec47d2d3ab7190896cd62ca5fc4fe08bf0",
                "sha256:8faae4f310b6d969fa26ca0545338b21f73c6b15db7c4a8d934a5482faa818f2",
                "sha256:a021da3e881cd935e64a3d0a20983bda0bb4cf80e4f74fa9bfcb1bc5785360c6",
                "sha256:a495580d6bae27291324fe60cea0b5a7c23fa36a7cd35035a16d93bdcf076b9d",
                "sha256:a9a3dbfb4de4f18174528d87cc352d1f788b7496991cca33c6996f40c9e3c92c",
                "sha256:c588a7e9b1173b6e866756dde596fd4cad94f9399daf99ad8c3258b3cb2b47a0",
                "sha256:e2e8d0054fc88153ca0544f5c4d554d42e33df2e009c4ff42284ac9ebdef4132",
                "sha256:fc8c9510cde0146432bbdb433322861ee8c3efbf8589865c8bf8d21cb30c4d14",
                "sha256:ffe7fc9b6b36beadc8c322f84e1caff51e8703b88eee1da46d1e3a6ae11b4fd0"
            ],
            "markers": "python_version >= '2.7' and python_version not in '3.0, 3.1, 3.2, 3.3, 3.4, 3.5'",
            "version": "==6.0.0"
        },
        "pure-eval": {
            "hashes": [
                "sha256:1db8e35b67b3d218d818ae653e27f06c3aa420901fa7b081ca98cbedc874e0d0",
                "sha256:5f4e983f40564c576c7c8635ae88db5956bb2229d7e9237d03b3c0b0190eaf42"
            ],
            "version": "==0.2.3"
        },
        "pygments": {
            "hashes": [
                "sha256:786ff802f32e91311bff3889f6e9a86e81505fe99f2735bb6d60ae0c5004f199",
                "sha256:b8e6aca0523f3ab76fee51799c488e38782ac06eafcf95e7ba832985c8e7b13a"
            ],
            "markers": "python_version >= '3.8'",
            "version": "==2.18.0"
        },
        "pyqt6": {
            "hashes": [
                "sha256:0adb7914c732ad1dee46d9cec838a98cb2b11bc38cc3b7b36fbd8701ae64bf47",
                "sha256:2d771fa0981514cb1ee937633dfa64f14caa902707d9afffab66677f3a73e3da",
                "sha256:3672a82ccd3a62e99ab200a13903421e2928e399fda25ced98d140313ad59cb9",
                "sha256:7f397f4b38b23b5588eb2c0933510deb953d96b1f0323a916c4839c2a66ccccc",
                "sha256:c2f202b7941aa74e5c7e1463a6f27d9131dbc1e6cabe85571d7364f5b3de7397",
                "sha256:f053378e3aef6248fa612c8afddda17f942fb63f9fe8a9aeb2a6b6b4cbb0eba9",
                "sha256:fa3954698233fe286a8afc477b84d8517f0788eb46b74da69d3ccc0170d3714c"
            ],
            "index": "pypi",
            "markers": "python_version >= '3.8'",
            "version": "==6.7.1"
        },
        "pyqt6-qscintilla": {
            "hashes": [
                "sha256:2b16b3ca0c8f6cf4772a85a0a5b030d2a7ad8128e6f5a3fae6d8a641b04f7e41",
                "sha256:8849a4a9847bbf3698d0c1cf47e6d08552a49a66928543a73f10d6dcba617d10",
                "sha256:a9b5939bd7160bbd095bc06312f2a1289a344b7c4f89633ea7657207212c7d56",
                "sha256:b22e93cd70b35cb83dc4177d14c670a02d92d9ea51ee6759bb97d81679c39af2"
            ],
            "index": "pypi",
            "markers": "python_version >= '3.7'",
            "version": "==2.14.1"
        },
        "pyqt6-qt6": {
            "hashes": [
                "sha256:05f2c7d195d316d9e678a92ecac0252a24ed175bd2444cc6077441807d756580",
                "sha256:065415589219a2f364aba29d6a98920bb32810286301acbfa157e522d30369e3",
                "sha256:7f817efa86a0e8eda9152c85b73405463fbf3266299090f32bbb2266da540ead",
                "sha256:b2d7e5ddb1b9764cd60f1d730fa7bf7a1f0f61b2630967c81761d3d0a5a8a2e0",
                "sha256:fc93945eaef4536d68bd53566535efcbe78a7c05c2a533790a8fd022bac8bfaa"
            ],
            "version": "==6.7.2"
        },
        "pyqt6-sip": {
            "hashes": [
                "sha256:056af69d1d8d28d5968066ec5da908afd82fc0be07b67cf2b84b9f02228416ce",
                "sha256:08dd81037a2864982ece2bf9891f3bf4558e247034e112993ea1a3fe239458cb",
                "sha256:2559afa68825d08de09d71c42f3b6ad839dcc30f91e7c6d0785e07830d5541a5",
                "sha256:2f74cf3d6d9cab5152bd9f49d570b2dfb87553ebb5c4919abfde27f5b9fd69d4",
                "sha256:33d9b399fc9c9dc99496266842b0fb2735d924604774e97cf9b555667cc0fc59",
                "sha256:6bce6bc5870d9e87efe5338b1ee4a7b9d7d26cdd16a79a5757d80b6f25e71edc",
                "sha256:755beb5d271d081e56618fb30342cdd901464f721450495cb7cb0212764da89e",
                "sha256:7a0bbc0918eab5b6351735d40cf22cbfa5aa2476b55e0d5fe881aeed7d871c29",
                "sha256:7f84c472afdc7d316ff683f63129350d645ef82d9b3fd75a609b08472d1f7291",
                "sha256:835ed22eab977f75fd77e60d4ff308a1fa794b1d0c04849311f36d2a080cdf3b",
                "sha256:9ea9223c94906efd68148f12ae45b51a21d67e86704225ddc92bce9c54e4d93c",
                "sha256:a5c086b7c9c7996ea9b7522646cc24eebbf3591ec9dd38f65c0a3fdb0dbeaac7",
                "sha256:b1bf29e95f10a8a00819dac804ca7e5eba5fc1769adcd74c837c11477bf81954",
                "sha256:b203b6fbae4a8f2d27f35b7df46200057033d9ecd9134bcf30e3eab66d43572c",
                "sha256:beaddc1ec96b342f4e239702f91802706a80cb403166c2da318cec4ad8b790cb",
                "sha256:cd81144b0770084e8005d3a121c9382e6f9bc8d0bb320dd618718ffe5090e0e6",
                "sha256:cedd554c643e54c4c2e12b5874781a87441a1b405acf3650a4a2e1df42aae231",
                "sha256:d8b22a6850917c68ce83fc152a8b606ecb2efaaeed35be53110468885d6cdd9d",
                "sha256:dd168667addf01f8a4b0fa7755323e43e4cd12ca4bade558c61f713a5d48ba1a",
                "sha256:f57275b5af774529f9838adcfb58869ba3ebdaf805daea113bb0697a96a3f3cb",
                "sha256:fbb249b82c53180f1420571ece5dc24fea1188ba435923edd055599dffe7abfb"
            ],
            "markers": "python_version >= '3.8'",
            "version": "==13.8.0"
        },
        "python-dateutil": {
            "hashes": [
                "sha256:37dd54208da7e1cd875388217d5e00ebd4179249f90fb72437e91a35459a0ad3",
                "sha256:a8b2bc7bffae282281c8140a97d3aa9c14da0b136dfe83f850eea9a5f7470427"
            ],
            "markers": "python_version >= '2.7' and python_version not in '3.0, 3.1, 3.2'",
            "version": "==2.9.0.post0"
        },
        "pywin32": {
            "hashes": [
                "sha256:06d3420a5155ba65f0b72f2699b5bacf3109f36acbe8923765c22938a69dfc8d",
                "sha256:1c73ea9a0d2283d889001998059f5eaaba3b6238f767c9cf2833b13e6a685f65",
                "sha256:37257794c1ad39ee9be652da0462dc2e394c8159dfd913a8a4e8eb6fd346da0e",
                "sha256:383229d515657f4e3ed1343da8be101000562bf514591ff383ae940cad65458b",
                "sha256:39b61c15272833b5c329a2989999dcae836b1eed650252ab1b7bfbe1d59f30f4",
                "sha256:5821ec52f6d321aa59e2db7e0a35b997de60c201943557d108af9d4ae1ec7040",
                "sha256:70dba0c913d19f942a2db25217d9a1b726c278f483a919f1abfed79c9cf64d3a",
                "sha256:72c5f621542d7bdd4fdb716227be0dd3f8565c11b280be6315b06ace35487d36",
                "sha256:84f4471dbca1887ea3803d8848a1616429ac94a4a8d05f4bc9c5dcfd42ca99c8",
                "sha256:a7639f51c184c0272e93f244eb24dafca9b1855707d94c192d4a0b4c01e1100e",
                "sha256:e25fd5b485b55ac9c057f67d94bc203f3f6595078d1fb3b458c9c28b7153a802",
                "sha256:e4c092e2589b5cf0d365849e73e02c391c1349958c5ac3e9d5ccb9a28e017b3a",
                "sha256:e65028133d15b64d2ed8f06dd9fbc268352478d4f9289e69c190ecd6818b6407",
                "sha256:e8ac1ae3601bee6ca9f7cb4b5363bf1c0badb935ef243c4733ff9a393b1690c0"
            ],
            "markers": "sys_platform == 'win32' and platform_python_implementation != 'PyPy'",
            "version": "==306"
        },
        "pyzmq": {
            "hashes": [
                "sha256:01fbfbeb8249a68d257f601deb50c70c929dc2dfe683b754659569e502fbd3aa",
                "sha256:0270b49b6847f0d106d64b5086e9ad5dc8a902413b5dbbb15d12b60f9c1747a4",
                "sha256:03c0ae165e700364b266876d712acb1ac02693acd920afa67da2ebb91a0b3c09",
                "sha256:068ca17214038ae986d68f4a7021f97e187ed278ab6dccb79f837d765a54d753",
                "sha256:082a2988364b60bb5de809373098361cf1dbb239623e39e46cb18bc035ed9c0c",
                "sha256:0aaf982e68a7ac284377d051c742610220fd06d330dcd4c4dbb4cdd77c22a537",
                "sha256:0c0991f5a96a8e620f7691e61178cd8f457b49e17b7d9cfa2067e2a0a89fc1d5",
                "sha256:115f8359402fa527cf47708d6f8a0f8234f0e9ca0cab7c18c9c189c194dbf620",
                "sha256:15c59e780be8f30a60816a9adab900c12a58d79c1ac742b4a8df044ab2a6d920",
                "sha256:1b7d0e124948daa4d9686d421ef5087c0516bc6179fdcf8828b8444f8e461a77",
                "sha256:1c8eb19abe87029c18f226d42b8a2c9efdd139d08f8bf6e085dd9075446db450",
                "sha256:204e0f176fd1d067671157d049466869b3ae1fc51e354708b0dc41cf94e23a3a",
                "sha256:2136f64fbb86451dbbf70223635a468272dd20075f988a102bf8a3f194a411dc",
                "sha256:2b291d1230845871c00c8462c50565a9cd6026fe1228e77ca934470bb7d70ea0",
                "sha256:2c18645ef6294d99b256806e34653e86236eb266278c8ec8112622b61db255de",
                "sha256:2cc4e280098c1b192c42a849de8de2c8e0f3a84086a76ec5b07bfee29bda7d18",
                "sha256:2ed8357f4c6e0daa4f3baf31832df8a33334e0fe5b020a61bc8b345a3db7a606",
                "sha256:3191d312c73e3cfd0f0afdf51df8405aafeb0bad71e7ed8f68b24b63c4f36500",
                "sha256:3401613148d93ef0fd9aabdbddb212de3db7a4475367f49f590c837355343972",
                "sha256:34106f68e20e6ff253c9f596ea50397dbd8699828d55e8fa18bd4323d8d966e6",
                "sha256:3516119f4f9b8671083a70b6afaa0a070f5683e431ab3dc26e9215620d7ca1ad",
                "sha256:38ece17ec5f20d7d9b442e5174ae9f020365d01ba7c112205a4d59cf19dc38ee",
                "sha256:3b4032a96410bdc760061b14ed6a33613ffb7f702181ba999df5d16fb96ba16a",
                "sha256:3bf8b000a4e2967e6dfdd8656cd0757d18c7e5ce3d16339e550bd462f4857e59",
                "sha256:3e3070e680f79887d60feeda051a58d0ac36622e1759f305a41059eff62c6da7",
                "sha256:4496b1282c70c442809fc1b151977c3d967bfb33e4e17cedbf226d97de18f709",
                "sha256:44dd6fc3034f1eaa72ece33588867df9e006a7303725a12d64c3dff92330f625",
                "sha256:4adfbb5451196842a88fda3612e2c0414134874bffb1c2ce83ab4242ec9e027d",
                "sha256:4b7c0c0b3244bb2275abe255d4a30c050d541c6cb18b870975553f1fb6f37527",
                "sha256:4c82a6d952a1d555bf4be42b6532927d2a5686dd3c3e280e5f63225ab47ac1f5",
                "sha256:5344b896e79800af86ad643408ca9aa303a017f6ebff8cee5a3163c1e9aec987",
                "sha256:5bde86a2ed3ce587fa2b207424ce15b9a83a9fa14422dcc1c5356a13aed3df9d",
                "sha256:5bf6c237f8c681dfb91b17f8435b2735951f0d1fad10cc5dfd96db110243370b",
                "sha256:5dbb9c997932473a27afa93954bb77a9f9b786b4ccf718d903f35da3232317de",
                "sha256:69ea9d6d9baa25a4dc9cef5e2b77b8537827b122214f210dd925132e34ae9b12",
                "sha256:6b3146f9ae6af82c47a5282ac8803523d381b3b21caeae0327ed2f7ecb718798",
                "sha256:6bcb34f869d431799c3ee7d516554797f7760cb2198ecaa89c3f176f72d062be",
                "sha256:6ca08b840fe95d1c2bd9ab92dac5685f949fc6f9ae820ec16193e5ddf603c3b2",
                "sha256:6ca7a9a06b52d0e38ccf6bca1aeff7be178917893f3883f37b75589d42c4ac20",
                "sha256:703c60b9910488d3d0954ca585c34f541e506a091a41930e663a098d3b794c67",
                "sha256:715bdf952b9533ba13dfcf1f431a8f49e63cecc31d91d007bc1deb914f47d0e4",
                "sha256:72b67f966b57dbd18dcc7efbc1c7fc9f5f983e572db1877081f075004614fcdd",
                "sha256:74423631b6be371edfbf7eabb02ab995c2563fee60a80a30829176842e71722a",
                "sha256:77a85dca4c2430ac04dc2a2185c2deb3858a34fe7f403d0a946fa56970cf60a1",
                "sha256:7821d44fe07335bea256b9f1f41474a642ca55fa671dfd9f00af8d68a920c2d4",
                "sha256:788f15721c64109cf720791714dc14afd0f449d63f3a5487724f024345067381",
                "sha256:7ca684ee649b55fd8f378127ac8462fb6c85f251c2fb027eb3c887e8ee347bcd",
                "sha256:7daa3e1369355766dea11f1d8ef829905c3b9da886ea3152788dc25ee6079e02",
                "sha256:7e6bc96ebe49604df3ec2c6389cc3876cabe475e6bfc84ced1bf4e630662cb35",
                "sha256:80b12f25d805a919d53efc0a5ad7c0c0326f13b4eae981a5d7b7cc343318ebb7",
                "sha256:871587bdadd1075b112e697173e946a07d722459d20716ceb3d1bd6c64bd08ce",
                "sha256:88b88282e55fa39dd556d7fc04160bcf39dea015f78e0cecec8ff4f06c1fc2b5",
                "sha256:8d7a498671ca87e32b54cb47c82a92b40130a26c5197d392720a1bce1b3c77cf",
                "sha256:926838a535c2c1ea21c903f909a9a54e675c2126728c21381a94ddf37c3cbddf",
                "sha256:971e8990c5cc4ddcff26e149398fc7b0f6a042306e82500f5e8db3b10ce69f84",
                "sha256:9b273ecfbc590a1b98f014ae41e5cf723932f3b53ba9367cfb676f838038b32c",
                "sha256:a42db008d58530efa3b881eeee4991146de0b790e095f7ae43ba5cc612decbc5",
                "sha256:a72a84570f84c374b4c287183debc776dc319d3e8ce6b6a0041ce2e400de3f32",
                "sha256:ac97a21de3712afe6a6c071abfad40a6224fd14fa6ff0ff8d0c6e6cd4e2f807a",
                "sha256:acb704195a71ac5ea5ecf2811c9ee19ecdc62b91878528302dd0be1b9451cc90",
                "sha256:b32bff85fb02a75ea0b68f21e2412255b5731f3f389ed9aecc13a6752f58ac97",
                "sha256:b3cd31f859b662ac5d7f4226ec7d8bd60384fa037fc02aee6ff0b53ba29a3ba8",
                "sha256:b63731993cdddcc8e087c64e9cf003f909262b359110070183d7f3025d1c56b5",
                "sha256:b6907da3017ef55139cf0e417c5123a84c7332520e73a6902ff1f79046cd3b94",
                "sha256:ba6e5e6588e49139a0979d03a7deb9c734bde647b9a8808f26acf9c547cab1bf",
                "sha256:c1c8f2a2ca45292084c75bb6d3a25545cff0ed931ed228d3a1810ae3758f975f",
                "sha256:ce828058d482ef860746bf532822842e0ff484e27f540ef5c813d516dd8896d2",
                "sha256:d0a2d1bd63a4ad79483049b26514e70fa618ce6115220da9efdff63688808b17",
                "sha256:d0cdde3c78d8ab5b46595054e5def32a755fc028685add5ddc7403e9f6de9879",
                "sha256:d57dfbf9737763b3a60d26e6800e02e04284926329aee8fb01049635e957fe81",
                "sha256:d8416c23161abd94cc7da80c734ad7c9f5dbebdadfdaa77dad78244457448223",
                "sha256:dba7d9f2e047dfa2bca3b01f4f84aa5246725203d6284e3790f2ca15fba6b40a",
                "sha256:dbf012d8fcb9f2cf0643b65df3b355fdd74fc0035d70bb5c845e9e30a3a4654b",
                "sha256:e1258c639e00bf5e8a522fec6c3eaa3e30cf1c23a2f21a586be7e04d50c9acab",
                "sha256:e222562dc0f38571c8b1ffdae9d7adb866363134299264a1958d077800b193b7",
                "sha256:e4946d6bdb7ba972dfda282f9127e5756d4f299028b1566d1245fa0d438847e6",
                "sha256:e746524418b70f38550f2190eeee834db8850088c834d4c8406fbb9bc1ae10b2",
                "sha256:e76654e9dbfb835b3518f9938e565c7806976c07b37c33526b574cc1a1050480",
                "sha256:e8918973fbd34e7814f59143c5f600ecd38b8038161239fd1a3d33d5817a38b8",
                "sha256:e891ce81edd463b3b4c3b885c5603c00141151dd9c6936d98a680c8c72fe5c67",
                "sha256:ebbbd0e728af5db9b04e56389e2299a57ea8b9dd15c9759153ee2455b32be6ad",
                "sha256:eeb438a26d87c123bb318e5f2b3d86a36060b01f22fbdffd8cf247d52f7c9a2b",
                "sha256:eed56b6a39216d31ff8cd2f1d048b5bf1700e4b32a01b14379c3b6dde9ce3aa3",
                "sha256:f17cde1db0754c35a91ac00b22b25c11da6eec5746431d6e5092f0cd31a3fea9",
                "sha256:f1a9b7d00fdf60b4039f4455afd031fe85ee8305b019334b72dcf73c567edc47",
                "sha256:f4b6cecbbf3b7380f3b61de3a7b93cb721125dc125c854c14ddc91225ba52f83",
                "sha256:f6b1d1c631e5940cac5a0b22c5379c86e8df6a4ec277c7a856b714021ab6cfad",
                "sha256:f6c21c00478a7bea93caaaef9e7629145d4153b15a8653e8bb4609d4bc70dbfc"
            ],
            "markers": "python_version >= '3.7'",
            "version": "==26.0.3"
        },
        "qtconsole": {
            "hashes": [
                "sha256:42d745f3d05d36240244a04e1e1ec2a86d5d9b6edb16dbdef582ccb629e87e0b",
                "sha256:6b5fb11274b297463706af84dcbbd5c92273b1f619e6d25d08874b0a88516989"
            ],
            "index": "pypi",
            "markers": "python_version >= '3.8'",
            "version": "==5.5.2"
        },
        "qtpy": {
            "hashes": [
                "sha256:1c1d8c4fa2c884ae742b069151b0abe15b3f70491f3972698c683b8e38de839b",
                "sha256:a5a15ffd519550a1361bdc56ffc07fda56a6af7292f17c7b395d4083af632987"
            ],
            "markers": "python_version >= '3.7'",
            "version": "==2.4.1"
        },
        "setuptools": {
            "hashes": [
                "sha256:f171bab1dfbc86b132997f26a119f6056a57950d058587841a0082e8830f9dc5",
                "sha256:fe384da74336c398e0d956d1cae0669bc02eed936cdb1d49b57de1990dc11ffc"
            ],
            "markers": "python_version >= '3.8'",
            "version": "==70.3.0"
        },
        "six": {
            "hashes": [
                "sha256:1e61c37477a1626458e36f7b1d82aa5c9b094fa4802892072e49de9c60c4c926",
                "sha256:8abb2f1d86890a2dfb989f9a77cfcfd3e47c2a354b01111771326f8aa26e0254"
            ],
            "markers": "python_version >= '2.7' and python_version not in '3.0, 3.1, 3.2'",
            "version": "==1.16.0"
        },
        "stack-data": {
            "hashes": [
                "sha256:836a778de4fec4dcd1dcd89ed8abff8a221f58308462e1c4aa2a3cf30148f0b9",
                "sha256:d5558e0c25a4cb0853cddad3d77da9891a08cb85dd9f9f91b9f8cd66e511e695"
            ],
            "version": "==0.6.3"
        },
        "tornado": {
            "hashes": [
                "sha256:163b0aafc8e23d8cdc3c9dfb24c5368af84a81e3364745ccb4427669bf84aec8",
                "sha256:25486eb223babe3eed4b8aecbac33b37e3dd6d776bc730ca14e1bf93888b979f",
                "sha256:454db8a7ecfcf2ff6042dde58404164d969b6f5d58b926da15e6b23817950fc4",
                "sha256:613bf4ddf5c7a95509218b149b555621497a6cc0d46ac341b30bd9ec19eac7f3",
                "sha256:6d5ce3437e18a2b66fbadb183c1d3364fb03f2be71299e7d10dbeeb69f4b2a14",
                "sha256:8ae50a504a740365267b2a8d1a90c9fbc86b780a39170feca9bcc1787ff80842",
                "sha256:92d3ab53183d8c50f8204a51e6f91d18a15d5ef261e84d452800d4ff6fc504e9",
                "sha256:a02a08cc7a9314b006f653ce40483b9b3c12cda222d6a46d4ac63bb6c9057698",
                "sha256:b24b8982ed444378d7f21d563f4180a2de31ced9d8d84443907a0a64da2072e7",
                "sha256:d9a566c40b89757c9aa8e6f032bcdb8ca8795d7c1a9762910c722b1635c9de4d",
                "sha256:e2e20b9113cd7293f164dc46fffb13535266e713cdb87bd2d15ddb336e96cfc4"
            ],
            "markers": "python_version >= '3.8'",
            "version": "==6.4.1"
        },
        "traitlets": {
            "hashes": [
                "sha256:9ed0579d3502c94b4b3732ac120375cda96f923114522847de4b3bb98b96b6b7",
                "sha256:b74e89e397b1ed28cc831db7aea759ba6640cb3de13090ca145426688ff1ac4f"
            ],
            "markers": "python_version >= '3.8'",
            "version": "==5.14.3"
        },
        "wcwidth": {
            "hashes": [
                "sha256:3da69048e4540d84af32131829ff948f1e022c1c6bdb8d6102117aac784f6859",
                "sha256:72ea0c06399eb286d978fdedb6923a9eb47e1c486ce63e9b4e64fc18303972b5"
            ],
            "version": "==0.2.13"
        },
        "wheel": {
            "hashes": [
                "sha256:465ef92c69fa5c5da2d1cf8ac40559a8c940886afcef87dcf14b9470862f1d85",
                "sha256:55c570405f142630c6b9f72fe09d9b67cf1477fcf543ae5b8dcb1f5b7377da81"
            ],
            "markers": "python_version >= '3.8'",
            "version": "==0.43.0"
        }
    },
    "develop": {}
}
